[[package]]
name = "beautifulsoup4"
version = "4.9.3"
description = "Screen-scraping library"
category = "main"
optional = false
python-versions = "*"

[package.dependencies]
soupsieve = {version = ">1.2", markers = "python_version >= \"3.0\""}

[package.extras]
html5lib = ["html5lib"]
lxml = ["lxml"]

[[package]]
name = "blinker"
version = "1.4"
description = "Fast, simple object-to-object and broadcast signaling"
category = "main"
optional = false
python-versions = "*"

[[package]]
name = "certifi"
version = "2020.12.5"
description = "Python package for providing Mozilla's CA Bundle."
category = "main"
optional = false
python-versions = "*"

[[package]]
name = "chardet"
version = "4.0.0"
description = "Universal encoding detector for Python 2 and 3"
category = "main"
optional = false
python-versions = ">=2.7, !=3.0.*, !=3.1.*, !=3.2.*, !=3.3.*, !=3.4.*"

[[package]]
name = "click"
version = "8.0.0"
description = "Composable command line interface toolkit"
category = "main"
optional = false
python-versions = ">=3.6"

[package.dependencies]
colorama = {version = "*", markers = "platform_system == \"Windows\""}

[[package]]
name = "colorama"
version = "0.4.4"
description = "Cross-platform colored terminal text."
category = "main"
optional = false
python-versions = ">=2.7, !=3.0.*, !=3.1.*, !=3.2.*, !=3.3.*, !=3.4.*"

[[package]]
name = "flask"
version = "2.0.0"
description = "A simple framework for building complex web applications."
category = "main"
optional = false
python-versions = ">=3.6"

[package.dependencies]
click = ">=7.1.2"
itsdangerous = ">=2.0"
Jinja2 = ">=3.0"
Werkzeug = ">=2.0"

[package.extras]
async = ["asgiref (>=3.2)"]
dotenv = ["python-dotenv"]

[[package]]
name = "flask-caching"
version = "1.10.1"
description = "Adds caching support to your Flask application"
category = "main"
optional = false
python-versions = ">=3.5"

[package.dependencies]
Flask = "*"

[[package]]
name = "gunicorn"
version = "20.1.0"
description = "WSGI HTTP Server for UNIX"
category = "main"
optional = false
python-versions = ">=3.5"

[package.extras]
eventlet = ["eventlet (>=0.24.1)"]
gevent = ["gevent (>=1.4.0)"]
setproctitle = ["setproctitle"]
tornado = ["tornado (>=0.2)"]

[[package]]
name = "idna"
version = "2.10"
description = "Internationalized Domain Names in Applications (IDNA)"
category = "main"
optional = false
python-versions = ">=2.7, !=3.0.*, !=3.1.*, !=3.2.*, !=3.3.*"

[[package]]
name = "itsdangerous"
version = "2.0.0"
description = "Safely pass data to untrusted environments and back."
category = "main"
optional = false
python-versions = ">=3.6"

[[package]]
name = "jinja2"
version = "3.0.0"
description = "A very fast and expressive template engine."
category = "main"
optional = false
python-versions = ">=3.6"

[package.dependencies]
MarkupSafe = ">=2.0.0rc2"

[package.extras]
i18n = ["Babel (>=2.7)"]

[[package]]
name = "markupsafe"
version = "2.0.0"
description = "Safely add untrusted strings to HTML/XML markup."
category = "main"
optional = false
python-versions = ">=3.6"

[[package]]
name = "peewee"
version = "3.14.4"
description = "a little orm"
category = "main"
optional = false
python-versions = "*"

[[package]]
name = "pymysql"
version = "1.0.2"
description = "Pure Python MySQL Driver"
category = "main"
optional = false
python-versions = ">=3.6"

[package.extras]
ed25519 = ["PyNaCl (>=1.4.0)"]
rsa = ["cryptography"]

[[package]]
name = "pytz"
version = "2021.1"
description = "World timezone definitions, modern and historical"
category = "main"
optional = false
python-versions = "*"

[[package]]
name = "redis"
version = "3.5.3"
description = "Python client for Redis key-value store"
category = "main"
optional = false
python-versions = ">=2.7, !=3.0.*, !=3.1.*, !=3.2.*, !=3.3.*, !=3.4.*"

[package.extras]
hiredis = ["hiredis (>=0.1.3)"]

[[package]]
name = "requests"
version = "2.25.1"
description = "Python HTTP for Humans."
category = "main"
optional = false
python-versions = ">=2.7, !=3.0.*, !=3.1.*, !=3.2.*, !=3.3.*, !=3.4.*"

[package.dependencies]
certifi = ">=2017.4.17"
chardet = ">=3.0.2,<5"
idna = ">=2.5,<3"
urllib3 = ">=1.21.1,<1.27"

[package.extras]
security = ["pyOpenSSL (>=0.14)", "cryptography (>=1.3.4)"]
socks = ["PySocks (>=1.5.6,!=1.5.7)", "win-inet-pton"]

[[package]]
name = "sentry-sdk"
version = "1.1.0"
description = "Python client for Sentry (https://sentry.io)"
category = "main"
optional = false
python-versions = "*"

[package.dependencies]
blinker = {version = ">=1.1", optional = true, markers = "extra == \"flask\""}
certifi = "*"
flask = {version = ">=0.11", optional = true, markers = "extra == \"flask\""}
urllib3 = ">=1.10.0"

[package.extras]
aiohttp = ["aiohttp (>=3.5)"]
beam = ["apache-beam (>=2.12)"]
bottle = ["bottle (>=0.12.13)"]
celery = ["celery (>=3)"]
chalice = ["chalice (>=1.16.0)"]
django = ["django (>=1.8)"]
falcon = ["falcon (>=1.4)"]
flask = ["flask (>=0.11)", "blinker (>=1.1)"]
pure_eval = ["pure-eval", "executing", "asttokens"]
pyspark = ["pyspark (>=2.4.4)"]
rq = ["rq (>=0.6)"]
sanic = ["sanic (>=0.8)"]
sqlalchemy = ["sqlalchemy (>=1.2)"]
tornado = ["tornado (>=5)"]

[[package]]
name = "six"
version = "1.16.0"
description = "Python 2 and 3 compatibility utilities"
category = "main"
optional = false
python-versions = ">=2.7, !=3.0.*, !=3.1.*, !=3.2.*"

[[package]]
name = "soupsieve"
version = "2.2.1"
description = "A modern CSS selector implementation for Beautiful Soup."
category = "main"
optional = false
python-versions = ">=3.6"

[[package]]
name = "spotipy"
version = "2.18.0"
description = "A light weight Python library for the Spotify Web API"
category = "main"
optional = false
python-versions = "*"

[package.dependencies]
requests = ">=2.25.0"
six = ">=1.15.0"
urllib3 = ">=1.26.0"

[package.extras]
doc = ["Sphinx (>=1.5.2)"]
test = ["mock (==2.0.0)"]

[[package]]
name = "urllib3"
version = "1.26.4"
description = "HTTP library with thread-safe connection pooling, file post, and more."
category = "main"
optional = false
python-versions = ">=2.7, !=3.0.*, !=3.1.*, !=3.2.*, !=3.3.*, !=3.4.*, <4"

[package.extras]
secure = ["pyOpenSSL (>=0.14)", "cryptography (>=1.3.4)", "idna (>=2.0.0)", "certifi", "ipaddress"]
socks = ["PySocks (>=1.5.6,!=1.5.7,<2.0)"]
brotli = ["brotlipy (>=0.6.0)"]

[[package]]
name = "werkzeug"
version = "2.0.0"
description = "The comprehensive WSGI web application library."
category = "main"
optional = false
python-versions = ">=3.6"

[package.extras]
watchdog = ["watchdog"]

[metadata]
lock-version = "1.1"
python-versions = ">=3.8,<4"
content-hash = "50d92d1437475dc60faa884df9c86ba912f3bbeb331edb38f3d2be2fe06e454f"

[metadata.files]
beautifulsoup4 = [
    {file = "beautifulsoup4-4.9.3-py2-none-any.whl", hash = "sha256:4c98143716ef1cb40bf7f39a8e3eec8f8b009509e74904ba3a7b315431577e35"},
    {file = "beautifulsoup4-4.9.3-py3-none-any.whl", hash = "sha256:fff47e031e34ec82bf17e00da8f592fe7de69aeea38be00523c04623c04fb666"},
    {file = "beautifulsoup4-4.9.3.tar.gz", hash = "sha256:84729e322ad1d5b4d25f805bfa05b902dd96450f43842c4e99067d5e1369eb25"},
]
blinker = [
    {file = "blinker-1.4.tar.gz", hash = "sha256:471aee25f3992bd325afa3772f1063dbdbbca947a041b8b89466dc00d606f8b6"},
]
certifi = [
    {file = "certifi-2020.12.5-py2.py3-none-any.whl", hash = "sha256:719a74fb9e33b9bd44cc7f3a8d94bc35e4049deebe19ba7d8e108280cfd59830"},
    {file = "certifi-2020.12.5.tar.gz", hash = "sha256:1a4995114262bffbc2413b159f2a1a480c969de6e6eb13ee966d470af86af59c"},
]
chardet = [
    {file = "chardet-4.0.0-py2.py3-none-any.whl", hash = "sha256:f864054d66fd9118f2e67044ac8981a54775ec5b67aed0441892edb553d21da5"},
    {file = "chardet-4.0.0.tar.gz", hash = "sha256:0d6f53a15db4120f2b08c94f11e7d93d2c911ee118b6b30a04ec3ee8310179fa"},
]
click = [
    {file = "click-8.0.0-py3-none-any.whl", hash = "sha256:e90e62ced43dc8105fb9a26d62f0d9340b5c8db053a814e25d95c19873ae87db"},
    {file = "click-8.0.0.tar.gz", hash = "sha256:7d8c289ee437bcb0316820ccee14aefcb056e58d31830ecab8e47eda6540e136"},
]
colorama = [
    {file = "colorama-0.4.4-py2.py3-none-any.whl", hash = "sha256:9f47eda37229f68eee03b24b9748937c7dc3868f906e8ba69fbcbdd3bc5dc3e2"},
    {file = "colorama-0.4.4.tar.gz", hash = "sha256:5941b2b48a20143d2267e95b1c2a7603ce057ee39fd88e7329b0c292aa16869b"},
]
flask = [
    {file = "Flask-2.0.0-py3-none-any.whl", hash = "sha256:1833a4b36ace08dfa1510d86f1bb6fc595d990ec1b838e03ac8dd80ac0705954"},
    {file = "Flask-2.0.0.tar.gz", hash = "sha256:168e8507792cb8a3aa06afbe5d4d431d3e07c6318bc3893ceecb81aff09f848d"},
]
flask-caching = [
    {file = "Flask-Caching-1.10.1.tar.gz", hash = "sha256:cf19b722fcebc2ba03e4ae7c55b532ed53f0cbf683ce36fafe5e881789a01c00"},
    {file = "Flask_Caching-1.10.1-py3-none-any.whl", hash = "sha256:bcda8acbc7508e31e50f63e9b1ab83185b446f6b6318bd9dd1d45626fba2e903"},
]
gunicorn = [
    {file = "gunicorn-20.1.0.tar.gz", hash = "sha256:e0a968b5ba15f8a328fdfd7ab1fcb5af4470c28aaf7e55df02a99bc13138e6e8"},
]
idna = [
    {file = "idna-2.10-py2.py3-none-any.whl", hash = "sha256:b97d804b1e9b523befed77c48dacec60e6dcb0b5391d57af6a65a312a90648c0"},
    {file = "idna-2.10.tar.gz", hash = "sha256:b307872f855b18632ce0c21c5e45be78c0ea7ae4c15c828c20788b26921eb3f6"},
]
itsdangerous = [
    {file = "itsdangerous-2.0.0-py3-none-any.whl", hash = "sha256:e2cb4ae918f07ab2a2f9a91dec2695bd1f25a19d31861a70015ad537ccb5e807"},
    {file = "itsdangerous-2.0.0.tar.gz", hash = "sha256:99b1053ccce68066dfc0b4465ef8779027e6d577377c8270e21a3d6289cac111"},
]
jinja2 = [
    {file = "Jinja2-3.0.0-py3-none-any.whl", hash = "sha256:2f2de5285cf37f33d33ecd4a9080b75c87cd0c1994d5a9c6df17131ea1f049c6"},
    {file = "Jinja2-3.0.0.tar.gz", hash = "sha256:ea8d7dd814ce9df6de6a761ec7f1cac98afe305b8cdc4aaae4e114b8d8ce24c5"},
]
markupsafe = [
    {file = "MarkupSafe-2.0.0-cp36-cp36m-macosx_10_9_x86_64.whl", hash = "sha256:2efaeb1baff547063bad2b2893a8f5e9c459c4624e1a96644bbba08910ae34e0"},
    {file = "MarkupSafe-2.0.0-cp36-cp36m-manylinux1_i686.whl", hash = "sha256:441ce2a8c17683d97e06447fcbccbdb057cbf587c78eb75ae43ea7858042fe2c"},
    {file = "MarkupSafe-2.0.0-cp36-cp36m-manylinux1_x86_64.whl", hash = "sha256:45535241baa0fc0ba2a43961a1ac7562ca3257f46c4c3e9c0de38b722be41bd1"},
    {file = "MarkupSafe-2.0.0-cp36-cp36m-manylinux2010_i686.whl", hash = "sha256:90053234a6479738fd40d155268af631c7fca33365f964f2208867da1349294b"},
    {file = "MarkupSafe-2.0.0-cp36-cp36m-manylinux2010_x86_64.whl", hash = "sha256:3b54a9c68995ef4164567e2cd1a5e16db5dac30b2a50c39c82db8d4afaf14f63"},
    {file = "MarkupSafe-2.0.0-cp36-cp36m-manylinux2014_aarch64.whl", hash = "sha256:f58b5ba13a5689ca8317b98439fccfbcc673acaaf8241c1869ceea40f5d585bf"},
    {file = "MarkupSafe-2.0.0-cp36-cp36m-win32.whl", hash = "sha256:a00dce2d96587651ef4fa192c17e039e8cfab63087c67e7d263a5533c7dad715"},
    {file = "MarkupSafe-2.0.0-cp36-cp36m-win_amd64.whl", hash = "sha256:007dc055dbce5b1104876acee177dbfd18757e19d562cd440182e1f492e96b95"},
    {file = "MarkupSafe-2.0.0-cp37-cp37m-macosx_10_9_x86_64.whl", hash = "sha256:a08cd07d3c3c17cd33d9e66ea9dee8f8fc1c48e2d11bd88fd2dc515a602c709b"},
    {file = "MarkupSafe-2.0.0-cp37-cp37m-manylinux1_i686.whl", hash = "sha256:3c352ff634e289061711608f5e474ec38dbaa21e3e168820d53d5f4015e5b91b"},
    {file = "MarkupSafe-2.0.0-cp37-cp37m-manylinux1_x86_64.whl", hash = "sha256:32200f562daaab472921a11cbb63780f1654552ae49518196fc361ed8e12e901"},
    {file = "MarkupSafe-2.0.0-cp37-cp37m-manylinux2010_i686.whl", hash = "sha256:fef86115fdad7ae774720d7103aa776144cf9b66673b4afa9bcaa7af990ed07b"},
    {file = "MarkupSafe-2.0.0-cp37-cp37m-manylinux2010_x86_64.whl", hash = "sha256:e79212d09fc0e224d20b43ad44bb0a0a3416d1e04cf6b45fed265114a5d43d20"},
    {file = "MarkupSafe-2.0.0-cp37-cp37m-manylinux2014_aarch64.whl", hash = "sha256:79b2ae94fa991be023832e6bcc00f41dbc8e5fe9d997a02db965831402551730"},
    {file = "MarkupSafe-2.0.0-cp37-cp37m-win32.whl", hash = "sha256:3261fae28155e5c8634dd7710635fe540a05b58f160cef7713c7700cb9980e66"},
    {file = "MarkupSafe-2.0.0-cp37-cp37m-win_amd64.whl", hash = "sha256:e4570d16f88c7f3032ed909dc9e905a17da14a1c4cfd92608e3fda4cb1208bbd"},
    {file = "MarkupSafe-2.0.0-cp38-cp38-macosx_10_9_x86_64.whl", hash = "sha256:8f806bfd0f218477d7c46a11d3e52dc7f5fdfaa981b18202b7dc84bbc287463b"},
    {file = "MarkupSafe-2.0.0-cp38-cp38-manylinux1_i686.whl", hash = "sha256:e77e4b983e2441aff0c0d07ee711110c106b625f440292dfe02a2f60c8218bd6"},
    {file = "MarkupSafe-2.0.0-cp38-cp38-manylinux1_x86_64.whl", hash = "sha256:031bf79a27d1c42f69c276d6221172417b47cb4b31cdc73d362a9bf5a1889b9f"},
    {file = "MarkupSafe-2.0.0-cp38-cp38-manylinux2010_i686.whl", hash = "sha256:83cf0228b2f694dcdba1374d5312f2277269d798e65f40344964f642935feac1"},
    {file = "MarkupSafe-2.0.0-cp38-cp38-manylinux2010_x86_64.whl", hash = "sha256:4cc563836f13c57f1473bc02d1e01fc37bab70ad4ee6be297d58c1d66bc819bf"},
    {file = "MarkupSafe-2.0.0-cp38-cp38-manylinux2014_aarch64.whl", hash = "sha256:d00a669e4a5bec3ee6dbeeeedd82a405ced19f8aeefb109a012ea88a45afff96"},
    {file = "MarkupSafe-2.0.0-cp38-cp38-win32.whl", hash = "sha256:161d575fa49395860b75da5135162481768b11208490d5a2143ae6785123e77d"},
    {file = "MarkupSafe-2.0.0-cp38-cp38-win_amd64.whl", hash = "sha256:58bc9fce3e1557d463ef5cee05391a05745fd95ed660f23c1742c711712c0abb"},
    {file = "MarkupSafe-2.0.0-cp39-cp39-macosx_10_9_universal2.whl", hash = "sha256:3fb47f97f1d338b943126e90b79cad50d4fcfa0b80637b5a9f468941dbbd9ce5"},
    {file = "MarkupSafe-2.0.0-cp39-cp39-macosx_10_9_x86_64.whl", hash = "sha256:dab0c685f21f4a6c95bfc2afd1e7eae0033b403dd3d8c1b6d13a652ada75b348"},
    {file = "MarkupSafe-2.0.0-cp39-cp39-manylinux1_i686.whl", hash = "sha256:664832fb88b8162268928df233f4b12a144a0c78b01d38b81bdcf0fc96668ecb"},
    {file = "MarkupSafe-2.0.0-cp39-cp39-manylinux1_x86_64.whl", hash = "sha256:df561f65049ed3556e5b52541669310e88713fdae2934845ec3606f283337958"},
    {file = "MarkupSafe-2.0.0-cp39-cp39-manylinux2010_i686.whl", hash = "sha256:24bbc3507fb6dfff663af7900a631f2aca90d5a445f272db5fc84999fa5718bc"},
    {file = "MarkupSafe-2.0.0-cp39-cp39-manylinux2010_x86_64.whl", hash = "sha256:87de598edfa2230ff274c4de7fcf24c73ffd96208c8e1912d5d0fee459767d75"},
    {file = "MarkupSafe-2.0.0-cp39-cp39-manylinux2014_aarch64.whl", hash = "sha256:a19d39b02a24d3082856a5b06490b714a9d4179321225bbf22809ff1e1887cc8"},
    {file = "MarkupSafe-2.0.0-cp39-cp39-win32.whl", hash = "sha256:4aca81a687975b35e3e80bcf9aa93fe10cd57fac37bf18b2314c186095f57e05"},
    {file = "MarkupSafe-2.0.0-cp39-cp39-win_amd64.whl", hash = "sha256:70820a1c96311e02449591cbdf5cd1c6a34d5194d5b55094ab725364375c9eb2"},
    {file = "MarkupSafe-2.0.0.tar.gz", hash = "sha256:4fae0677f712ee090721d8b17f412f1cbceefbf0dc180fe91bab3232f38b4527"},
]
peewee = [
    {file = "peewee-3.14.4.tar.gz", hash = "sha256:9e356b327c2eaec6dd42ecea6f4ddded025793dba906a3d065a0452e726c51a2"},
]
pymysql = [
    {file = "PyMySQL-1.0.2-py3-none-any.whl", hash = "sha256:41fc3a0c5013d5f039639442321185532e3e2c8924687abe6537de157d403641"},
    {file = "PyMySQL-1.0.2.tar.gz", hash = "sha256:816927a350f38d56072aeca5dfb10221fe1dc653745853d30a216637f5d7ad36"},
]
pytz = [
    {file = "pytz-2021.1-py2.py3-none-any.whl", hash = "sha256:eb10ce3e7736052ed3623d49975ce333bcd712c7bb19a58b9e2089d4057d0798"},
    {file = "pytz-2021.1.tar.gz", hash = "sha256:83a4a90894bf38e243cf052c8b58f381bfe9a7a483f6a9cab140bc7f702ac4da"},
]
redis = [
    {file = "redis-3.5.3-py2.py3-none-any.whl", hash = "sha256:432b788c4530cfe16d8d943a09d40ca6c16149727e4afe8c2c9d5580c59d9f24"},
    {file = "redis-3.5.3.tar.gz", hash = "sha256:0e7e0cfca8660dea8b7d5cd8c4f6c5e29e11f31158c0b0ae91a397f00e5a05a2"},
]
requests = [
    {file = "requests-2.25.1-py2.py3-none-any.whl", hash = "sha256:c210084e36a42ae6b9219e00e48287def368a26d03a048ddad7bfee44f75871e"},
    {file = "requests-2.25.1.tar.gz", hash = "sha256:27973dd4a904a4f13b263a19c866c13b92a39ed1c964655f025f3f8d3d75b804"},
]
sentry-sdk = [
    {file = "sentry-sdk-1.1.0.tar.gz", hash = "sha256:c1227d38dca315ba35182373f129c3e2722e8ed999e52584e6aca7d287870739"},
    {file = "sentry_sdk-1.1.0-py2.py3-none-any.whl", hash = "sha256:c7d380a21281e15be3d9f67a3c4fbb4f800c481d88ff8d8931f39486dd7b4ada"},
]
six = [
    {file = "six-1.16.0-py2.py3-none-any.whl", hash = "sha256:8abb2f1d86890a2dfb989f9a77cfcfd3e47c2a354b01111771326f8aa26e0254"},
    {file = "six-1.16.0.tar.gz", hash = "sha256:1e61c37477a1626458e36f7b1d82aa5c9b094fa4802892072e49de9c60c4c926"},
]
soupsieve = [
    {file = "soupsieve-2.2.1-py3-none-any.whl", hash = "sha256:c2c1c2d44f158cdbddab7824a9af8c4f83c76b1e23e049479aa432feb6c4c23b"},
    {file = "soupsieve-2.2.1.tar.gz", hash = "sha256:052774848f448cf19c7e959adf5566904d525f33a3f8b6ba6f6f8f26ec7de0cc"},
]
spotipy = [
    {file = "spotipy-2.18.0-py3-none-any.whl", hash = "sha256:8acbc18dd44e1c22b3da500ca9225c5d2f7476f2e68d5d56a317b0b8c87ec8a5"},
    {file = "spotipy-2.18.0.tar.gz", hash = "sha256:f7293b808696807e9acec6bdcff63f7dcc3cc1b148c0c4b4299ef43c966f7177"},
]
urllib3 = [
    {file = "urllib3-1.26.4-py2.py3-none-any.whl", hash = "sha256:2f4da4594db7e1e110a944bb1b551fdf4e6c136ad42e4234131391e21eb5b0df"},
    {file = "urllib3-1.26.4.tar.gz", hash = "sha256:e7b021f7241115872f92f43c6508082facffbd1c048e3c6e2bb9c2a157e28937"},
]
werkzeug = [
    {file = "Werkzeug-2.0.0-py3-none-any.whl", hash = "sha256:64c02f6495ba01eddd6625b3675f357cd358a73f1e38458a56ad86c5baa30b53"},
    {file = "Werkzeug-2.0.0.tar.gz", hash = "sha256:3389bbfe6d40c6dd25e6d3f974155163c8b3de5bbda6a89342d4ab93fae80ba0"},
]
